
Microsoft Visual Studio Solution File, Format Version 12.00
# Visual Studio 15
VisualStudioVersion = 15.0.27703.1
MinimumVisualStudioVersion = 10.0.40219.1
Project("{FAE04EC0-301F-11D3-BF4B-00C04F79EFBC}") = "MVVM.DataAndInteractionIsolation", "MVVM.DataAndInteractionIsolation\MVVM.DataAndInteractionIsolation.csproj", "{5849A0AE-DA08-4362-B468-6927263F9F36}"
EndProject
Global
	GlobalSection(SolutionConfigurationPlatforms) = preSolution
		Debug|Any CPU = Debug|Any CPU
		Release|Any CPU = Release|Any CPU
	EndGlobalSection
	GlobalSection(ProjectConfigurationPlatforms) = postSolution
		{5849A0AE-DA08-4362-B468-6927263F9F36}.Debug|Any CPU.ActiveCfg = Debug|Any CPU
		{5849A0AE-DA08-4362-B468-6927263F9F36}.Debug|Any CPU.Build.0 = Debug|Any CPU
		{5849A0AE-DA08-4362-B468-6927263F9F36}.Release|Any CPU.ActiveCfg = Release|Any CPU
		{5849A0AE-DA08-4362-B468-6927263F9F36}.Release|Any CPU.Build.0 = Release|Any CPU
	EndGlobalSection
	GlobalSection(SolutionProperties) = preSolution
		HideSolutionNode = FALSE
	EndGlobalSection
	GlobalSection(ExtensibilityGlobals) = postSolution
		SolutionGuid = {FBE8800F-0EB6-4B84-B629-BC2496AAAE9C}
	EndGlobalSection
EndGlobal
